
Microsoft Visual Studio Solution File, Format Version 12.00
Project("{FAE04EC0-301F-11D3-BF4B-00C04F79EFBC}") = "Keycloak.Example", "Keycloak.Example\Keycloak.Example.csproj", "{1751B765-F518-42C4-928F-B6E12DE9C833}"
EndProject
Global
	GlobalSection(SolutionConfigurationPlatforms) = preSolution
		Debug|Any CPU = Debug|Any CPU
		Release|Any CPU = Release|Any CPU
	EndGlobalSection
	GlobalSection(ProjectConfigurationPlatforms) = postSolution
		{1751B765-F518-42C4-928F-B6E12DE9C833}.Debug|Any CPU.ActiveCfg = Debug|Any CPU
		{1751B765-F518-42C4-928F-B6E12DE9C833}.Debug|Any CPU.Build.0 = Debug|Any CPU
		{1751B765-F518-42C4-928F-B6E12DE9C833}.Release|Any CPU.ActiveCfg = Release|Any CPU
		{1751B765-F518-42C4-928F-B6E12DE9C833}.Release|Any CPU.Build.0 = Release|Any CPU
	EndGlobalSection
EndGlobal
